
Microsoft Visual Studio Solution File, Format Version 12.00
# Visual Studio Version 16
VisualStudioVersion = 16.0.29728.190
MinimumVisualStudioVersion = 10.0.40219.1
Project("{FAE04EC0-301F-11D3-BF4B-00C04F79EFBC}") = "EstruturasDeNamoro", "EstruturasDeNamoro.csproj", "{D36A18B3-6F63-4D72-A2A2-7818965AC31F}"
EndProject
Global
	GlobalSection(SolutionConfigurationPlatforms) = preSolution
		Debug|Any CPU = Debug|Any CPU
		Release|Any CPU = Release|Any CPU
	EndGlobalSection
	GlobalSection(ProjectConfigurationPlatforms) = postSolution
		{D36A18B3-6F63-4D72-A2A2-7818965AC31F}.Debug|Any CPU.ActiveCfg = Debug|Any CPU
		{D36A18B3-6F63-4D72-A2A2-7818965AC31F}.Debug|Any CPU.Build.0 = Debug|Any CPU
		{D36A18B3-6F63-4D72-A2A2-7818965AC31F}.Release|Any CPU.ActiveCfg = Release|Any CPU
		{D36A18B3-6F63-4D72-A2A2-7818965AC31F}.Release|Any CPU.Build.0 = Release|Any CPU
	EndGlobalSection
	GlobalSection(SolutionProperties) = preSolution
		HideSolutionNode = FALSE
	EndGlobalSection
	GlobalSection(ExtensibilityGlobals) = postSolution
		SolutionGuid = {F5F98DAF-ACB9-49EE-9894-8BECC6CC9BAB}
	EndGlobalSection
EndGlobal
